
Microsoft Visual Studio Solution File, Format Version 12.00
# Visual Studio Version 17
VisualStudioVersion = 17.12.35707.178 d17.12
MinimumVisualStudioVersion = 10.0.40219.1
Project("{FAE04EC0-301F-11D3-BF4B-00C04F79EFBC}") = "BlazorWasm", "BlazorWasm\BlazorWasm.csproj", "{7F87ABAC-00EB-4615-BCD8-358F35BDA65C}"
EndProject
Project("{FAE04EC0-301F-11D3-BF4B-00C04F79EFBC}") = "ClientLibrary", "ClientLibrary\ClientLibrary.csproj", "{CFE59663-3798-483C-9D74-2BF6859A19D5}"
EndProject
Global
	GlobalSection(SolutionConfigurationPlatforms) = preSolution
		Debug|Any CPU = Debug|Any CPU
		Release|Any CPU = Release|Any CPU
	EndGlobalSection
	GlobalSection(ProjectConfigurationPlatforms) = postSolution
		{7F87ABAC-00EB-4615-BCD8-358F35BDA65C}.Debug|Any CPU.ActiveCfg = Debug|Any CPU
		{7F87ABAC-00EB-4615-BCD8-358F35BDA65C}.Debug|Any CPU.Build.0 = Debug|Any CPU
		{7F87ABAC-00EB-4615-BCD8-358F35BDA65C}.Release|Any CPU.ActiveCfg = Release|Any CPU
		{7F87ABAC-00EB-4615-BCD8-358F35BDA65C}.Release|Any CPU.Build.0 = Release|Any CPU
		{CFE59663-3798-483C-9D74-2BF6859A19D5}.Debug|Any CPU.ActiveCfg = Debug|Any CPU
		{CFE59663-3798-483C-9D74-2BF6859A19D5}.Debug|Any CPU.Build.0 = Debug|Any CPU
		{CFE59663-3798-483C-9D74-2BF6859A19D5}.Release|Any CPU.ActiveCfg = Release|Any CPU
		{CFE59663-3798-483C-9D74-2BF6859A19D5}.Release|Any CPU.Build.0 = Release|Any CPU
	EndGlobalSection
	GlobalSection(SolutionProperties) = preSolution
		HideSolutionNode = FALSE
	EndGlobalSection
EndGlobal
